Microsoft Visual Studio Solution File, Format Version 11.00
# Visual Studio 2008

Project("{323B78AE-C39E-D828-5A4B-53AEFC637A1F}") = "chameleon_unity", "Assembly-CSharp-firstpass.csproj", "{1513139C-6A3B-88D6-3601-21BDC4E5AF98}"
EndProject
Project("{323B78AE-C39E-D828-5A4B-53AEFC637A1F}") = "chameleon_unity", "Assembly-CSharp.csproj", "{5921042A-918B-50E6-5CB9-47E82E151B77}"
EndProject
Global
	GlobalSection(SolutionConfigurationPlatforms) = preSolution
		Debug|Any CPU = Debug|Any CPU
		Release|Any CPU = Release|Any CPU
	EndGlobalSection
	GlobalSection(ProjectConfigurationPlatforms) = postSolution
		{1513139C-6A3B-88D6-3601-21BDC4E5AF98}.Debug|Any CPU.ActiveCfg = Debug|Any CPU
		{1513139C-6A3B-88D6-3601-21BDC4E5AF98}.Debug|Any CPU.Build.0 = Debug|Any CPU
		{1513139C-6A3B-88D6-3601-21BDC4E5AF98}.Release|Any CPU.ActiveCfg = Release|Any CPU
		{1513139C-6A3B-88D6-3601-21BDC4E5AF98}.Release|Any CPU.Build.0 = Release|Any CPU
		{5921042A-918B-50E6-5CB9-47E82E151B77}.Debug|Any CPU.ActiveCfg = Debug|Any CPU
		{5921042A-918B-50E6-5CB9-47E82E151B77}.Debug|Any CPU.Build.0 = Debug|Any CPU
		{5921042A-918B-50E6-5CB9-47E82E151B77}.Release|Any CPU.ActiveCfg = Release|Any CPU
		{5921042A-918B-50E6-5CB9-47E82E151B77}.Release|Any CPU.Build.0 = Release|Any CPU
	EndGlobalSection
	GlobalSection(SolutionProperties) = preSolution
		HideSolutionNode = FALSE
	EndGlobalSection
						GlobalSection(MonoDevelopProperties) = preSolution
		StartupItem = Assembly-CSharp.csproj
		Policies = $0
		$0.TextStylePolicy = $1
		$1.inheritsSet = null
		$1.scope = text/x-csharp
		$0.CSharpFormattingPolicy = $2
		$2.inheritsSet = Mono
		$2.inheritsScope = text/x-csharp
		$2.scope = text/x-csharp
		$0.TextStylePolicy = $3
		$3.FileWidth = 120
		$3.TabWidth = 4
		$3.EolMarker = Unix
		$3.inheritsSet = Mono
		$3.inheritsScope = text/plain
		$3.scope = text/plain
	EndGlobalSection

EndGlobal
